// !$*UTF8*$!
{
	archiveVersion = 1;
	classes = {
	};
	objectVersion = 56;
	objects = {

/* Begin PBXBuildFile section */
		9C74FCD429EA6F0E008FE44E /* ChecklistApp.swift in Sources */ = {isa = PBXBuildFile; fileRef = 9C74FCD329EA6F0E008FE44E /* ChecklistApp.swift */; };
		9C74FCD629EA6F0E008FE44E /* ContentView.swift in Sources */ = {isa = PBXBuildFile; fileRef = 9C74FCD529EA6F0E008FE44E /* ContentView.swift */; };
		9C74FCD829EA6F0F008FE44E /* Assets.xcassets in Resources */ = {isa = PBXBuildFile; fileRef = 9C74FCD729EA6F0F008FE44E /* Assets.xcassets */; };
		9C74FCDB29EA6F0F008FE44E /* Preview Assets.xcassets in Resources */ = {isa = PBXBuildFile; fileRef = 9C74FCDA29EA6F0F008FE44E /* Preview Assets.xcassets */; };
		9C74FCE529EA6F0F008FE44E /* ChecklistTests.swift in Sources */ = {isa = PBXBuildFile; fileRef = 9C74FCE429EA6F0F008FE44E /* ChecklistTests.swift */; };
		9C74FCEF29EA6F0F008FE44E /* ChecklistUITests.swift in Sources */ = {isa = PBXBuildFile; fileRef = 9C74FCEE29EA6F0F008FE44E /* ChecklistUITests.swift */; };
		9C74FCF129EA6F0F008FE44E /* ChecklistUITestsLaunchTests.swift in Sources */ = {isa = PBXBuildFile; fileRef = 9C74FCF029EA6F0F008FE44E /* ChecklistUITestsLaunchTests.swift */; };
		9C74FCFE29EA6FAD008FE44E /* ListView.swift in Sources */ = {isa = PBXBuildFile; fileRef = 9C74FCFD29EA6FAD008FE44E /* ListView.swift */; };
		9C74FD0029EA6FD5008FE44E /* DataModel.swift in Sources */ = {isa = PBXBuildFile; fileRef = 9C74FCFF29EA6FD5008FE44E /* DataModel.swift */; };
		9CC3D63729EA734B00FF7BDF /* ListDetailView.swift in Sources */ = {isa = PBXBuildFile; fileRef = 9CC3D63629EA734B00FF7BDF /* ListDetailView.swift */; };
/* End PBXBuildFile section */

/* Begin PBXContainerItemProxy section */
		9C74FCE129EA6F0F008FE44E /* PBXContainerItemProxy */ = {
			isa = PBXContainerItemProxy;
			containerPortal = 9C74FCC829EA6F0E008FE44E /* Project object */;
			proxyType = 1;
			remoteGlobalIDString = 9C74FCCF29EA6F0E008FE44E;
			remoteInfo = Checklist;
		};
		9C74FCEB29EA6F0F008FE44E /* PBXContainerItemProxy */ = {
			isa = PBXContainerItemProxy;
			containerPortal = 9C74FCC829EA6F0E008FE44E /* Project object */;
			proxyType = 1;
			remoteGlobalIDString = 9C74FCCF29EA6F0E008FE44E;
			remoteInfo = Checklist;
		};
/* End PBXContainerItemProxy section */

/* Begin PBXFileReference section */
		9C74FCD029EA6F0E008FE44E /* Checklist.app */ = {isa = PBXFileReference; explicitFileType = wrapper.application; includeInIndex = 0; path = Checklist.app; sourceTree = BUILT_PRODUCTS_DIR; };
		9C74FCD329EA6F0E008FE44E /* ChecklistApp.swift */ = {isa = PBXFileReference; lastKnownFileType = sourcecode.swift; path = ChecklistApp.swift; sourceTree = "<group>"; };
		9C74FCD529EA6F0E008FE44E /* ContentView.swift */ = {isa = PBXFileReference; lastKnownFileType = sourcecode.swift; path = ContentView.swift; sourceTree = "<group>"; };
		9C74FCD729EA6F0F008FE44E /* Assets.xcassets */ = {isa = PBXFileReference; lastKnownFileType = folder.assetcatalog; path = Assets.xcassets; sourceTree = "<group>"; };
		9C74FCDA29EA6F0F008FE44E /* Preview Assets.xcassets */ = {isa = PBXFileReference; lastKnownFileType = folder.assetcatalog; path = "Preview Assets.xcassets"; sourceTree = "<group>"; };
		9C74FCE029EA6F0F008FE44E /* ChecklistTests.xctest */ = {isa = PBXFileReference; explicitFileType = wrapper.cfbundle; includeInIndex = 0; path = ChecklistTests.xctest; sourceTree = BUILT_PRODUCTS_DIR; };
		9C74FCE429EA6F0F008FE44E /* ChecklistTests.swift */ = {isa = PBXFileReference; lastKnownFileType = sourcecode.swift; path = ChecklistTests.swift; sourceTree = "<group>"; };
		9C74FCEA29EA6F0F008FE44E /* ChecklistUITests.xctest */ = {isa = PBXFileReference; explicitFileType = wrapper.cfbundle; includeInIndex = 0; path = ChecklistUITests.xctest; sourceTree = BUILT_PRODUCTS_DIR; };
		9C74FCEE29EA6F0F008FE44E /* ChecklistUITests.swift */ = {isa = PBXFileReference; lastKnownFileType = sourcecode.swift; path = ChecklistUITests.swift; sourceTree = "<group>"; };
		9C74FCF029EA6F0F008FE44E /* ChecklistUITestsLaunchTests.swift */ = {isa = PBXFileReference; lastKnownFileType = sourcecode.swift; path = ChecklistUITestsLaunchTests.swift; sourceTree = "<group>"; };
		9C74FCFD29EA6FAD008FE44E /* ListView.swift */ = {isa = PBXFileReference; lastKnownFileType = sourcecode.swift; path = ListView.swift; sourceTree = "<group>"; };
		9C74FCFF29EA6FD5008FE44E /* DataModel.swift */ = {isa = PBXFileReference; lastKnownFileType = sourcecode.swift; path = DataModel.swift; sourceTree = "<group>"; };
		9CC3D63629EA734B00FF7BDF /* ListDetailView.swift */ = {isa = PBXFileReference; lastKnownFileType = sourcecode.swift; path = ListDetailView.swift; sourceTree = "<group>"; };
/* End PBXFileReference section */

/* Begin PBXFrameworksBuildPhase section */
		9C74FCCD29EA6F0E008FE44E /* Frameworks */ = {
			isa = PBXFrameworksBuildPhase;
			buildActionMask = 2147483647;
			files = (
			);
			runOnlyForDeploymentPostprocessing = 0;
		};
		9C74FCDD29EA6F0F008FE44E /* Frameworks */ = {
			isa = PBXFrameworksBuildPhase;
			buildActionMask = 2147483647;
			files = (
			);
			runOnlyForDeploymentPostprocessing = 0;
		};
		9C74FCE729EA6F0F008FE44E /* Frameworks */ = {
			isa = PBXFrameworksBuildPhase;
			buildActionMask = 2147483647;
			files = (
			);
			runOnlyForDeploymentPostprocessing = 0;
		};
/* End PBXFrameworksBuildPhase section */

/* Begin PBXGroup section */
		9C74FCC729EA6F0E008FE44E = {
			isa = PBXGroup;
			children = (
				9C74FCD229EA6F0E008FE44E /* Checklist */,
				9C74FCE329EA6F0F008FE44E /* ChecklistTests */,
				9C74FCED29EA6F0F008FE44E /* ChecklistUITests */,
				9C74FCD129EA6F0E008FE44E /* Products */,
			);
			sourceTree = "<group>";
		};
		9C74FCD129EA6F0E008FE44E /* Products */ = {
			isa = PBXGroup;
			children = (
				9C74FCD029EA6F0E008FE44E /* Checklist.app */,
				9C74FCE029EA6F0F008FE44E /* ChecklistTests.xctest */,
				9C74FCEA29EA6F0F008FE44E /* ChecklistUITests.xctest */,
			);
			name = Products;
			sourceTree = "<group>";
		};
		9C74FCD229EA6F0E008FE44E /* Checklist */ = {
			isa = PBXGroup;
			children = (
				9C74FCD329EA6F0E008FE44E /* ChecklistApp.swift */,
				9C74FCD529EA6F0E008FE44E /* ContentView.swift */,
				9C74FCFD29EA6FAD008FE44E /* ListView.swift */,
				9C74FCFF29EA6FD5008FE44E /* DataModel.swift */,
				9CC3D63629EA734B00FF7BDF /* ListDetailView.swift */,
				9C74FCD729EA6F0F008FE44E /* Assets.xcassets */,
				9C74FCD929EA6F0F008FE44E /* Preview Content */,
			);
			path = Checklist;
			sourceTree = "<group>";
		};
		9C74FCD929EA6F0F008FE44E /* Preview Content */ = {
			isa = PBXGroup;
			children = (
				9C74FCDA29EA6F0F008FE44E /* Preview Assets.xcassets */,
			);
			path = "Preview Content";
			sourceTree = "<group>";
		};
		9C74FCE329EA6F0F008FE44E /* ChecklistTests */ = {
			isa = PBXGroup;
			children = (
				9C74FCE429EA6F0F008FE44E /* ChecklistTests.swift */,
			);
			path = ChecklistTests;
			sourceTree = "<group>";
		};
		9C74FCED29EA6F0F008FE44E /* ChecklistUITests */ = {
			isa = PBXGroup;
			children = (
				9C74FCEE29EA6F0F008FE44E /* ChecklistUITests.swift */,
				9C74FCF029EA6F0F008FE44E /* ChecklistUITestsLaunchTests.swift */,
			);
			path = ChecklistUITests;
			sourceTree = "<group>";
		};
/* End PBXGroup section */

/* Begin PBXNativeTarget section */
		9C74FCCF29EA6F0E008FE44E /* Checklist */ = {
			isa = PBXNativeTarget;
			buildConfigurationList = 9C74FCF429EA6F0F008FE44E /* Build configuration list for PBXNativeTarget "Checklist" */;
			buildPhases = (
				9C74FCCC29EA6F0E008FE44E /* Sources */,
				9C74FCCD29EA6F0E008FE44E /* Frameworks */,
				9C74FCCE29EA6F0E008FE44E /* Resources */,
			);
			buildRules = (
			);
			dependencies = (
			);
			name = Checklist;
			productName = Checklist;
			productReference = 9C74FCD029EA6F0E008FE44E /* Checklist.app */;
			productType = "com.apple.product-type.application";
		};
		9C74FCDF29EA6F0F008FE44E /* ChecklistTests */ = {
			isa = PBXNativeTarget;
			buildConfigurationList = 9C74FCF729EA6F0F008FE44E /* Build configuration list for PBXNativeTarget "ChecklistTests" */;
			buildPhases = (
				9C74FCDC29EA6F0F008FE44E /* Sources */,
				9C74FCDD29EA6F0F008FE44E /* Frameworks */,
				9C74FCDE29EA6F0F008FE44E /* Resources */,
			);
			buildRules = (
			);
			dependencies = (
				9C74FCE229EA6F0F008FE44E /* PBXTargetDependency */,
			);
			name = ChecklistTests;
			productName = ChecklistTests;
			productReference = 9C74FCE029EA6F0F008FE44E /* ChecklistTests.xctest */;
			productType = "com.apple.product-type.bundle.unit-test";
		};
		9C74FCE929EA6F0F008FE44E /* ChecklistUITests */ = {
			isa = PBXNativeTarget;
			buildConfigurationList = 9C74FCFA29EA6F0F008FE44E /* Build configuration list for PBXNativeTarget "ChecklistUITests" */;
			buildPhases = (
				9C74FCE629EA6F0F008FE44E /* Sources */,
				9C74FCE729EA6F0F008FE44E /* Frameworks */,
				9C74FCE829EA6F0F008FE44E /* Resources */,
			);
			buildRules = (
			);
			dependencies = (
				9C74FCEC29EA6F0F008FE44E /* PBXTargetDependency */,
			);
			name = ChecklistUITests;
			productName = ChecklistUITests;
			productReference = 9C74FCEA29EA6F0F008FE44E /* ChecklistUITests.xctest */;
			productType = "com.apple.product-type.bundle.ui-testing";
		};
/* End PBXNativeTarget section */

/* Begin PBXProject section */
		9C74FCC829EA6F0E008FE44E /* Project object */ = {
			isa = PBXProject;
			attributes = {
				BuildIndependentTargetsInParallel = 1;
				LastSwiftUpdateCheck = 1420;
				LastUpgradeCheck = 1420;
				TargetAttributes = {
					9C74FCCF29EA6F0E008FE44E = {
						CreatedOnToolsVersion = 14.2;
					};
					9C74FCDF29EA6F0F008FE44E = {
						CreatedOnToolsVersion = 14.2;
						TestTargetID = 9C74FCCF29EA6F0E008FE44E;
					};
					9C74FCE929EA6F0F008FE44E = {
						CreatedOnToolsVersion = 14.2;
						TestTargetID = 9C74FCCF29EA6F0E008FE44E;
					};
				};
			};
			buildConfigurationList = 9C74FCCB29EA6F0E008FE44E /* Build configuration list for PBXProject "Checklist" */;
			compatibilityVersion = "Xcode 14.0";
			developmentRegion = en;
			hasScannedForEncodings = 0;
			knownRegions = (
				en,
				Base,
			);
			mainGroup = 9C74FCC729EA6F0E008FE44E;
			productRefGroup = 9C74FCD129EA6F0E008FE44E /* Products */;
			projectDirPath = "";
			projectRoot = "";
			targets = (
				9C74FCCF29EA6F0E008FE44E /* Checklist */,
				9C74FCDF29EA6F0F008FE44E /* ChecklistTests */,
				9C74FCE929EA6F0F008FE44E /* ChecklistUITests */,
			);
		};
/* End PBXProject section */

/* Begin PBXResourcesBuildPhase section */
		9C74FCCE29EA6F0E008FE44E /* Resources */ = {
			isa = PBXResourcesBuildPhase;
			buildActionMask = 2147483647;
			files = (
				9C74FCDB29EA6F0F008FE44E /* Preview Assets.xcassets in Resources */,
				9C74FCD829EA6F0F008FE44E /* Assets.xcassets in Resources */,
			);
			runOnlyForDeploymentPostprocessing = 0;
		};
		9C74FCDE29EA6F0F008FE44E /* Resources */ = {
			isa = PBXResourcesBuildPhase;
			buildActionMask = 2147483647;
			files = (
			);
			runOnlyForDeploymentPostprocessing = 0;
		};
		9C74FCE829EA6F0F008FE44E /* Resources */ = {
			isa = PBXResourcesBuildPhase;
			buildActionMask = 2147483647;
			files = (
			);
			runOnlyForDeploymentPostprocessing = 0;
		};
/* End PBXResourcesBuildPhase section */

/* Begin PBXSourcesBuildPhase section */
		9C74FCCC29EA6F0E008FE44E /* Sources */ = {
			isa = PBXSourcesBuildPhase;
			buildActionMask = 2147483647;
			files = (
				9C74FCD629EA6F0E008FE44E /* ContentView.swift in Sources */,
				9C74FD0029EA6FD5008FE44E /* DataModel.swift in Sources */,
				9CC3D63729EA734B00FF7BDF /* ListDetailView.swift in Sources */,
				9C74FCD429EA6F0E008FE44E /* ChecklistApp.swift in Sources */,
				9C74FCFE29EA6FAD008FE44E /* ListView.swift in Sources */,
			);
			runOnlyForDeploymentPostprocessing = 0;
		};
		9C74FCDC29EA6F0F008FE44E /* Sources */ = {
			isa = PBXSourcesBuildPhase;
			buildActionMask = 2147483647;
			files = (
				9C74FCE529EA6F0F008FE44E /* ChecklistTests.swift in Sources */,
			);
			runOnlyForDeploymentPostprocessing = 0;
		};
		9C74FCE629EA6F0F008FE44E /* Sources */ = {
			isa = PBXSourcesBuildPhase;
			buildActionMask = 2147483647;
			files = (
				9C74FCEF29EA6F0F008FE44E /* ChecklistUITests.swift in Sources */,
				9C74FCF129EA6F0F008FE44E /* ChecklistUITestsLaunchTests.swift in Sources */,
			);
			runOnlyForDeploymentPostprocessing = 0;
		};
/* End PBXSourcesBuildPhase section */

/* Begin PBXTargetDependency section */
		9C74FCE229EA6F0F008FE44E /* PBXTargetDependency */ = {
			isa = PBXTargetDependency;
			target = 9C74FCCF29EA6F0E008FE44E /* Checklist */;
			targetProxy = 9C74FCE129EA6F0F008FE44E /* PBXContainerItemProxy */;
		};
		9C74FCEC29EA6F0F008FE44E /* PBXTargetDependency */ = {
			isa = PBXTargetDependency;
			target = 9C74FCCF29EA6F0E008FE44E /* Checklist */;
			targetProxy = 9C74FCEB29EA6F0F008FE44E /* PBXContainerItemProxy */;
		};
/* End PBXTargetDependency section */

/* Begin XCBuildConfiguration section */
		9C74FCF229EA6F0F008FE44E /* Debug */ = {
			isa = XCBuildConfiguration;
			buildSettings = {
				ALWAYS_SEARCH_USER_PATHS = NO;
				CLANG_ANALYZER_NONNULL = YES;
				CLANG_ANALYZER_NUMBER_OBJECT_CONVERSION = YES_AGGRESSIVE;
				CLANG_CXX_LANGUAGE_STANDARD = "gnu++20";
				CLANG_ENABLE_MODULES = YES;
				CLANG_ENABLE_OBJC_ARC = YES;
				CLANG_ENABLE_OBJC_WEAK = YES;
				CLANG_WARN_BLOCK_CAPTURE_AUTORELEASING = YES;
				CLANG_WARN_BOOL_CONVERSION = YES;
				CLANG_WARN_COMMA = YES;
				CLANG_WARN_CONSTANT_CONVERSION = YES;
				CLANG_WARN_DEPRECATED_OBJC_IMPLEMENTATIONS = YES;
				CLANG_WARN_DIRECT_OBJC_ISA_USAGE = YES_ERROR;
				CLANG_WARN_DOCUMENTATION_COMMENTS = YES;
				CLANG_WARN_EMPTY_BODY = YES;
				CLANG_WARN_ENUM_CONVERSION = YES;
				CLANG_WARN_INFINITE_RECURSION = YES;
				CLANG_WARN_INT_CONVERSION = YES;
				CLANG_WARN_NON_LITERAL_NULL_CONVERSION = YES;
				CLANG_WARN_OBJC_IMPLICIT_RETAIN_SELF = YES;
				CLANG_WARN_OBJC_LITERAL_CONVERSION = YES;
				CLANG_WARN_OBJC_ROOT_CLASS = YES_ERROR;
				CLANG_WARN_QUOTED_INCLUDE_IN_FRAMEWORK_HEADER = YES;
				CLANG_WARN_RANGE_LOOP_ANALYSIS = YES;
				CLANG_WARN_STRICT_PROTOTYPES = YES;
				CLANG_WARN_SUSPICIOUS_MOVE = YES;
				CLANG_WARN_UNGUARDED_AVAILABILITY = YES_AGGRESSIVE;
				CLANG_WARN_UNREACHABLE_CODE = YES;
				CLANG_WARN__DUPLICATE_METHOD_MATCH = YES;
				COPY_PHASE_STRIP = NO;
				DEBUG_INFORMATION_FORMAT = dwarf;
				ENABLE_STRICT_OBJC_MSGSEND = YES;
				ENABLE_TESTABILITY = YES;
				GCC_C_LANGUAGE_STANDARD = gnu11;
				GCC_DYNAMIC_NO_PIC = NO;
				GCC_NO_COMMON_BLOCKS = YES;
				GCC_OPTIMIZATION_LEVEL = 0;
				GCC_PREPROCESSOR_DEFINITIONS = (
					"DEBUG=1",
					"$(inherited)",
				);
				GCC_WARN_64_TO_32_BIT_CONVERSION = YES;
				GCC_WARN_ABOUT_RETURN_TYPE = YES_ERROR;
				GCC_WARN_UNDECLARED_SELECTOR = YES;
				GCC_WARN_UNINITIALIZED_AUTOS = YES_AGGRESSIVE;
				GCC_WARN_UNUSED_FUNCTION = YES;
				GCC_WARN_UNUSED_VARIABLE = YES;
				IPHONEOS_DEPLOYMENT_TARGET = 16.2;
				MTL_ENABLE_DEBUG_INFO = INCLUDE_SOURCE;
				MTL_FAST_MATH = YES;
				ONLY_ACTIVE_ARCH = YES;
				SDKROOT = iphoneos;
				SWIFT_ACTIVE_COMPILATION_CONDITIONS = DEBUG;
				SWIFT_OPTIMIZATION_LEVEL = "-Onone";
			};
			name = Debug;
		};
		9C74FCF329EA6F0F008FE44E /* Release */ = {
			isa = XCBuildConfiguration;
			buildSettings = {
				ALWAYS_SEARCH_USER_PATHS = NO;
				CLANG_ANALYZER_NONNULL = YES;
				CLANG_ANALYZER_NUMBER_OBJECT_CONVERSION = YES_AGGRESSIVE;
				CLANG_CXX_LANGUAGE_STANDARD = "gnu++20";
				CLANG_ENABLE_MODULES = YES;
				CLANG_ENABLE_OBJC_ARC = YES;
				CLANG_ENABLE_OBJC_WEAK = YES;
				CLANG_WARN_BLOCK_CAPTURE_AUTORELEASING = YES;
				CLANG_WARN_BOOL_CONVERSION = YES;
				CLANG_WARN_COMMA = YES;
				CLANG_WARN_CONSTANT_CONVERSION = YES;
				CLANG_WARN_DEPRECATED_OBJC_IMPLEMENTATIONS = YES;
				CLANG_WARN_DIRECT_OBJC_ISA_USAGE = YES_ERROR;
				CLANG_WARN_DOCUMENTATION_COMMENTS = YES;
				CLANG_WARN_EMPTY_BODY = YES;
				CLANG_WARN_ENUM_CONVERSION = YES;
				CLANG_WARN_INFINITE_RECURSION = YES;
				CLANG_WARN_INT_CONVERSION = YES;
				CLANG_WARN_NON_LITERAL_NULL_CONVERSION = YES;
				CLANG_WARN_OBJC_IMPLICIT_RETAIN_SELF = YES;
				CLANG_WARN_OBJC_LITERAL_CONVERSION = YES;
				CLANG_WARN_OBJC_ROOT_CLASS = YES_ERROR;
				CLANG_WARN_QUOTED_INCLUDE_IN_FRAMEWORK_HEADER = YES;
				CLANG_WARN_RANGE_LOOP_ANALYSIS = YES;
				CLANG_WARN_STRICT_PROTOTYPES = YES;
				CLANG_WARN_SUSPICIOUS_MOVE = YES;
				CLANG_WARN_UNGUARDED_AVAILABILITY = YES_AGGRESSIVE;
				CLANG_WARN_UNREACHABLE_CODE = YES;
				CLANG_WARN__DUPLICATE_METHOD_MATCH = YES;
				COPY_PHASE_STRIP = NO;
				DEBUG_INFORMATION_FORMAT = "dwarf-with-dsym";
				ENABLE_NS_ASSERTIONS = NO;
				ENABLE_STRICT_OBJC_MSGSEND = YES;
				GCC_C_LANGUAGE_STANDARD = gnu11;
				GCC_NO_COMMON_BLOCKS = YES;
				GCC_WARN_64_TO_32_BIT_CONVERSION = YES;
				GCC_WARN_ABOUT_RETURN_TYPE = YES_ERROR;
				GCC_WARN_UNDECLARED_SELECTOR = YES;
				GCC_WARN_UNINITIALIZED_AUTOS = YES_AGGRESSIVE;
				GCC_WARN_UNUSED_FUNCTION = YES;
				GCC_WARN_UNUSED_VARIABLE = YES;
				IPHONEOS_DEPLOYMENT_TARGET = 16.2;
				MTL_ENABLE_DEBUG_INFO = NO;
				MTL_FAST_MATH = YES;
				SDKROOT = iphoneos;
				SWIFT_COMPILATION_MODE = wholemodule;
				SWIFT_OPTIMIZATION_LEVEL = "-O";
				VALIDATE_PRODUCT = YES;
			};
			name = Release;
		};
		9C74FCF529EA6F0F008FE44E /* Debug */ = {
			isa = XCBuildConfiguration;
			buildSettings = {
				ASSETCATALOG_COMPILER_APPICON_NAME = AppIcon;
				ASSETCATALOG_COMPILER_GLOBAL_ACCENT_COLOR_NAME = AccentColor;
				CODE_SIGN_STYLE = Automatic;
				CURRENT_PROJECT_VERSION = 1;
				DEVELOPMENT_ASSET_PATHS = "\"Checklist/Preview Content\"";
				ENABLE_PREVIEWS = YES;
				GENERATE_INFOPLIST_FILE = YES;
				INFOPLIST_KEY_UIApplicationSceneManifest_Generation = YES;
				INFOPLIST_KEY_UIApplicationSupportsIndirectInputEvents = YES;
				INFOPLIST_KEY_UILaunchScreen_Generation = YES;
				INFOPLIST_KEY_UISupportedInterfaceOrientations_iPad = "UIInterfaceOrientationPortrait UIInterfaceOrientationPortraitUpsideDown UIInterfaceOrientationLandscapeLeft UIInterfaceOrientationLandscapeRight";
				INFOPLIST_KEY_UISupportedInterfaceOrientations_iPhone = "UIInterfaceOrientationPortrait UIInterfaceOrientationLandscapeLeft UIInterfaceOrientationLandscapeRight";
				LD_RUNPATH_SEARCH_PATHS = (
					"$(inherited)",
					"@executable_path/Frameworks",
				);
				MARKETING_VERSION = 1.0;
				PRODUCT_BUNDLE_IDENTIFIER = Me.Checklist;
				PRODUCT_NAME = "$(TARGET_NAME)";
				SWIFT_EMIT_LOC_STRINGS = YES;
				SWIFT_VERSION = 5.0;
				TARGETED_DEVICE_FAMILY = "1,2";
			};
			name = Debug;
		};
		9C74FCF629EA6F0F008FE44E /* Release */ = {
			isa = XCBuildConfiguration;
			buildSettings = {
				ASSETCATALOG_COMPILER_APPICON_NAME = AppIcon;
				ASSETCATALOG_COMPILER_GLOBAL_ACCENT_COLOR_NAME = AccentColor;
				CODE_SIGN_STYLE = Automatic;
				CURRENT_PROJECT_VERSION = 1;
				DEVELOPMENT_ASSET_PATHS = "\"Checklist/Preview Content\"";
				ENABLE_PREVIEWS = YES;
				GENERATE_INFOPLIST_FILE = YES;
				INFOPLIST_KEY_UIApplicationSceneManifest_Generation = YES;
				INFOPLIST_KEY_UIApplicationSupportsIndirectInputEvents = YES;
				INFOPLIST_KEY_UILaunchScreen_Generation = YES;
				INFOPLIST_KEY_UISupportedInterfaceOrientations_iPad = "UIInterfaceOrientationPortrait UIInterfaceOrientationPortraitUpsideDown UIInterfaceOrientationLandscapeLeft UIInterfaceOrientationLandscapeRight";
				INFOPLIST_KEY_UISupportedInterfaceOrientations_iPhone = "UIInterfaceOrientationPortrait UIInterfaceOrientationLandscapeLeft UIInterfaceOrientationLandscapeRight";
				LD_RUNPATH_SEARCH_PATHS = (
					"$(inherited)",
					"@executable_path/Frameworks",
				);
				MARKETING_VERSION = 1.0;
				PRODUCT_BUNDLE_IDENTIFIER = Me.Checklist;
				PRODUCT_NAME = "$(TARGET_NAME)";
				SWIFT_EMIT_LOC_STRINGS = YES;
				SWIFT_VERSION = 5.0;
				TARGETED_DEVICE_FAMILY = "1,2";
			};
			name = Release;
		};
		9C74FCF829EA6F0F008FE44E /* Debug */ = {
			isa = XCBuildConfiguration;
			buildSettings = {
				ALWAYS_EMBED_SWIFT_STANDARD_LIBRARIES = YES;
				BUNDLE_LOADER = "$(TEST_HOST)";
				CODE_SIGN_STYLE = Automatic;
				CURRENT_PROJECT_VERSION = 1;
				GENERATE_INFOPLIST_FILE = YES;
				IPHONEOS_DEPLOYMENT_TARGET = 16.2;
				MARKETING_VERSION = 1.0;
				PRODUCT_BUNDLE_IDENTIFIER = Me.ChecklistTests;
				PRODUCT_NAME = "$(TARGET_NAME)";
				SWIFT_EMIT_LOC_STRINGS = NO;
				SWIFT_VERSION = 5.0;
				TARGETED_DEVICE_FAMILY = "1,2";
				TEST_HOST = "$(BUILT_PRODUCTS_DIR)/Checklist.app/$(BUNDLE_EXECUTABLE_FOLDER_PATH)/Checklist";
			};
			name = Debug;
		};
		9C74FCF929EA6F0F008FE44E /* Release */ = {
			isa = XCBuildConfiguration;
			buildSettings = {
				ALWAYS_EMBED_SWIFT_STANDARD_LIBRARIES = YES;
				BUNDLE_LOADER = "$(TEST_HOST)";
				CODE_SIGN_STYLE = Automatic;
				CURRENT_PROJECT_VERSION = 1;
				GENERATE_INFOPLIST_FILE = YES;
				IPHONEOS_DEPLOYMENT_TARGET = 16.2;
				MARKETING_VERSION = 1.0;
				PRODUCT_BUNDLE_IDENTIFIER = Me.ChecklistTests;
				PRODUCT_NAME = "$(TARGET_NAME)";
				SWIFT_EMIT_LOC_STRINGS = NO;
				SWIFT_VERSION = 5.0;
				TARGETED_DEVICE_FAMILY = "1,2";
				TEST_HOST = "$(BUILT_PRODUCTS_DIR)/Checklist.app/$(BUNDLE_EXECUTABLE_FOLDER_PATH)/Checklist";
			};
			name = Release;
		};
		9C74FCFB29EA6F0F008FE44E /* Debug */ = {
			isa = XCBuildConfiguration;
			buildSettings = {
				ALWAYS_EMBED_SWIFT_STANDARD_LIBRARIES = YES;
				CODE_SIGN_STYLE = Automatic;
				CURRENT_PROJECT_VERSION = 1;
				GENERATE_INFOPLIST_FILE = YES;
				MARKETING_VERSION = 1.0;
				PRODUCT_BUNDLE_IDENTIFIER = Me.ChecklistUITests;
				PRODUCT_NAME = "$(TARGET_NAME)";
				SWIFT_EMIT_LOC_STRINGS = NO;
				SWIFT_VERSION = 5.0;
				TARGETED_DEVICE_FAMILY = "1,2";
				TEST_TARGET_NAME = Checklist;
			};
			name = Debug;
		};
		9C74FCFC29EA6F0F008FE44E /* Release */ = {
			isa = XCBuildConfiguration;
			buildSettings = {
				ALWAYS_EMBED_SWIFT_STANDARD_LIBRARIES = YES;
				CODE_SIGN_STYLE = Automatic;
				CURRENT_PROJECT_VERSION = 1;
				GENERATE_INFOPLIST_FILE = YES;
				MARKETING_VERSION = 1.0;
				PRODUCT_BUNDLE_IDENTIFIER = Me.ChecklistUITests;
				PRODUCT_NAME = "$(TARGET_NAME)";
				SWIFT_EMIT_LOC_STRINGS = NO;
				SWIFT_VERSION = 5.0;
				TARGETED_DEVICE_FAMILY = "1,2";
				TEST_TARGET_NAME = Checklist;
			};
			name = Release;
		};
/* End XCBuildConfiguration section */

/* Begin XCConfigurationList section */
		9C74FCCB29EA6F0E008FE44E /* Build configuration list for PBXProject "Checklist" */ = {
			isa = XCConfigurationList;
			buildConfigurations = (
				9C74FCF229EA6F0F008FE44E /* Debug */,
				9C74FCF329EA6F0F008FE44E /* Release */,
			);
			defaultConfigurationIsVisible = 0;
			defaultConfigurationName = Release;
		};
		9C74FCF429EA6F0F008FE44E /* Build configuration list for PBXNativeTarget "Checklist" */ = {
			isa = XCConfigurationList;
			buildConfigurations = (
				9C74FCF529EA6F0F008FE44E /* Debug */,
				9C74FCF629EA6F0F008FE44E /* Release */,
			);
			defaultConfigurationIsVisible = 0;
			defaultConfigurationName = Release;
		};
		9C74FCF729EA6F0F008FE44E /* Build configuration list for PBXNativeTarget "ChecklistTests" */ = {
			isa = XCConfigurationList;
			buildConfigurations = (
				9C74FCF829EA6F0F008FE44E /* Debug */,
				9C74FCF929EA6F0F008FE44E /* Release */,
			);
			defaultConfigurationIsVisible = 0;
			defaultConfigurationName = Release;
		};
		9C74FCFA29EA6F0F008FE44E /* Build configuration list for PBXNativeTarget "ChecklistUITests" */ = {
			isa = XCConfigurationList;
			buildConfigurations = (
				9C74FCFB29EA6F0F008FE44E /* Debug */,
				9C74FCFC29EA6F0F008FE44E /* Release */,
			);
			defaultConfigurationIsVisible = 0;
			defaultConfigurationName = Release;
		};
/* End XCConfigurationList section */
	};
	rootObject = 9C74FCC829EA6F0E008FE44E /* Project object */;
}
